
Microsoft Visual Studio Solution File, Format Version 12.00
# Visual Studio Version 16
VisualStudioVersion = 16.0.29920.165
MinimumVisualStudioVersion = 10.0.40219.1
Project("{FAE04EC0-301F-11D3-BF4B-00C04F79EFBC}") = "book", "book\book.csproj", "{42A9AC93-363B-4BC6-B75A-49435A0A85AB}"
EndProject
Global
	GlobalSection(SolutionConfigurationPlatforms) = preSolution
		Debug|Any CPU = Debug|Any CPU
		Release|Any CPU = Release|Any CPU
	EndGlobalSection
	GlobalSection(ProjectConfigurationPlatforms) = postSolution
		{42A9AC93-363B-4BC6-B75A-49435A0A85AB}.Debug|Any CPU.ActiveCfg = Debug|Any CPU
		{42A9AC93-363B-4BC6-B75A-49435A0A85AB}.Debug|Any CPU.Build.0 = Debug|Any CPU
		{42A9AC93-363B-4BC6-B75A-49435A0A85AB}.Release|Any CPU.ActiveCfg = Release|Any CPU
		{42A9AC93-363B-4BC6-B75A-49435A0A85AB}.Release|Any CPU.Build.0 = Release|Any CPU
	EndGlobalSection
	GlobalSection(SolutionProperties) = preSolution
		HideSolutionNode = FALSE
	EndGlobalSection
	GlobalSection(ExtensibilityGlobals) = postSolution
		SolutionGuid = {26826BD4-AAB9-4688-82F7-45113FF11499}
	EndGlobalSection
EndGlobal
